{
  "object": {
    "pins": [
      {
        "package": "JSONAPI",
        "repositoryURL": "https://github.com/mattpolzin/JSONAPI",
        "state": {
          "branch": null,
          "revision": "5b0a01620954ba89c7d1d8f82dfcbf6fd777d17e",
          "version": "4.0.0-rc.3.2"
        }
      },
      {
        "package": "Poly",
        "repositoryURL": "https://github.com/mattpolzin/Poly",
        "state": {
          "branch": null,
          "revision": "36ba3f624bffa34f5f9b9c7648eab3cfdcab4748",
          "version": "2.5.0"
        }
      }
    ]
  },
  "version": 1
}
