{
  "object": {
    "pins": [
      {
        "package": "JSONAPI",
        "repositoryURL": "https://github.com/mattpolzin/JSONAPI.git",
        "state": {
          "branch": null,
          "revision": "a72ed5c349567ca6f5254f7e8e59cd555e4711b8",
          "version": "5.0.2"
        }
      },
      {
        "package": "Poly",
        "repositoryURL": "https://github.com/mattpolzin/Poly.git",
        "state": {
          "branch": null,
          "revision": "ec466eb43176afb5bd178f5eb90b4d1773a5f19b",
          "version": "2.5.3"
        }
      }
    ]
  },
  "version": 1
}
